// !$*UTF8*$!
{
	archiveVersion = 1;
	classes = {
	};
	objectVersion = 46;
	objects = {

/* Begin PBXBuildFile section */
		670262AB1DCC90E6000FEC48 /* AppDelegate.swift in Sources */ = {isa = PBXBuildFile; fileRef = 670262AA1DCC90E6000FEC48 /* AppDelegate.swift */; };
		670262AD1DCC90E6000FEC48 /* SplashViewController.swift in Sources */ = {isa = PBXBuildFile; fileRef = 670262AC1DCC90E6000FEC48 /* SplashViewController.swift */; };
		670262B01DCC90E6000FEC48 /* Main.storyboard in Resources */ = {isa = PBXBuildFile; fileRef = 670262AE1DCC90E6000FEC48 /* Main.storyboard */; };
		670262B21DCC90E6000FEC48 /* Assets.xcassets in Resources */ = {isa = PBXBuildFile; fileRef = 670262B11DCC90E6000FEC48 /* Assets.xcassets */; };
		670262B51DCC90E6000FEC48 /* LaunchScreen.storyboard in Resources */ = {isa = PBXBuildFile; fileRef = 670262B31DCC90E6000FEC48 /* LaunchScreen.storyboard */; };
		670262BD1DCDAEB2000FEC48 /* LoginUserViewController.swift in Sources */ = {isa = PBXBuildFile; fileRef = 670262BC1DCDAEB2000FEC48 /* LoginUserViewController.swift */; };
		670262BF1DCDAEBD000FEC48 /* LoginPasswordViewController.swift in Sources */ = {isa = PBXBuildFile; fileRef = 670262BE1DCDAEBD000FEC48 /* LoginPasswordViewController.swift */; };
		670262C11DCDAECF000FEC48 /* HomeViewController.swift in Sources */ = {isa = PBXBuildFile; fileRef = 670262C01DCDAECF000FEC48 /* HomeViewController.swift */; };
		670262C31DCDAED8000FEC48 /* ProfileViewController.swift in Sources */ = {isa = PBXBuildFile; fileRef = 670262C21DCDAED8000FEC48 /* ProfileViewController.swift */; };
		670262C51DCDAEE3000FEC48 /* EditProfileViewController.swift in Sources */ = {isa = PBXBuildFile; fileRef = 670262C41DCDAEE3000FEC48 /* EditProfileViewController.swift */; };
		670262C71DCDAF69000FEC48 /* SideBarViewController.swift in Sources */ = {isa = PBXBuildFile; fileRef = 670262C61DCDAF69000FEC48 /* SideBarViewController.swift */; };
		670262C91DCDAF8E000FEC48 /* CustomNavBar.swift in Sources */ = {isa = PBXBuildFile; fileRef = 670262C81DCDAF8E000FEC48 /* CustomNavBar.swift */; };
		670262CB1DCDB257000FEC48 /* CameraViewController.swift in Sources */ = {isa = PBXBuildFile; fileRef = 670262CA1DCDB257000FEC48 /* CameraViewController.swift */; };
		670262CD1DCDD033000FEC48 /* HuatPostTableViewCell.swift in Sources */ = {isa = PBXBuildFile; fileRef = 670262CC1DCDD033000FEC48 /* HuatPostTableViewCell.swift */; };
		8573D35B1DCDB6FE0010F2C6 /* HuatComment.swift in Sources */ = {isa = PBXBuildFile; fileRef = 8573D3591DCDB6FE0010F2C6 /* HuatComment.swift */; };
		8573D35C1DCDB6FE0010F2C6 /* HuatPost.swift in Sources */ = {isa = PBXBuildFile; fileRef = 8573D35A1DCDB6FE0010F2C6 /* HuatPost.swift */; };
		91912B59AB45396A971D43F1 /* Pods_Huatgram.framework in Frameworks */ = {isa = PBXBuildFile; fileRef = FA365758DEBD9E621AA62763 /* Pods_Huatgram.framework */; };
		A37D8BCE1DCDBC2600A8FF38 /* GoogleService-Info.plist in Resources */ = {isa = PBXBuildFile; fileRef = A37D8BCD1DCDBC2600A8FF38 /* GoogleService-Info.plist */; };
/* End PBXBuildFile section */

/* Begin PBXFileReference section */
		5765E142A87D580525000FC5 /* Pods-Huatgram.debug.xcconfig */ = {isa = PBXFileReference; includeInIndex = 1; lastKnownFileType = text.xcconfig; name = "Pods-Huatgram.debug.xcconfig"; path = "Pods/Target Support Files/Pods-Huatgram/Pods-Huatgram.debug.xcconfig"; sourceTree = "<group>"; };
		670262A71DCC90E6000FEC48 /* Huatgram.app */ = {isa = PBXFileReference; explicitFileType = wrapper.application; includeInIndex = 0; path = Huatgram.app; sourceTree = BUILT_PRODUCTS_DIR; };
		670262AA1DCC90E6000FEC48 /* AppDelegate.swift */ = {isa = PBXFileReference; lastKnownFileType = sourcecode.swift; path = AppDelegate.swift; sourceTree = "<group>"; };
		670262AC1DCC90E6000FEC48 /* SplashViewController.swift */ = {isa = PBXFileReference; lastKnownFileType = sourcecode.swift; path = SplashViewController.swift; sourceTree = "<group>"; };
		670262AF1DCC90E6000FEC48 /* Base */ = {isa = PBXFileReference; lastKnownFileType = file.storyboard; name = Base; path = Base.lproj/Main.storyboard; sourceTree = "<group>"; };
		670262B11DCC90E6000FEC48 /* Assets.xcassets */ = {isa = PBXFileReference; lastKnownFileType = folder.assetcatalog; path = Assets.xcassets; sourceTree = "<group>"; };
		670262B41DCC90E6000FEC48 /* Base */ = {isa = PBXFileReference; lastKnownFileType = file.storyboard; name = Base; path = Base.lproj/LaunchScreen.storyboard; sourceTree = "<group>"; };
		670262B61DCC90E6000FEC48 /* Info.plist */ = {isa = PBXFileReference; lastKnownFileType = text.plist.xml; path = Info.plist; sourceTree = "<group>"; };
		670262BC1DCDAEB2000FEC48 /* LoginUserViewController.swift */ = {isa = PBXFileReference; fileEncoding = 4; lastKnownFileType = sourcecode.swift; path = LoginUserViewController.swift; sourceTree = "<group>"; };
		670262BE1DCDAEBD000FEC48 /* LoginPasswordViewController.swift */ = {isa = PBXFileReference; fileEncoding = 4; lastKnownFileType = sourcecode.swift; path = LoginPasswordViewController.swift; sourceTree = "<group>"; };
		670262C01DCDAECF000FEC48 /* HomeViewController.swift */ = {isa = PBXFileReference; fileEncoding = 4; lastKnownFileType = sourcecode.swift; path = HomeViewController.swift; sourceTree = "<group>"; };
		670262C21DCDAED8000FEC48 /* ProfileViewController.swift */ = {isa = PBXFileReference; fileEncoding = 4; lastKnownFileType = sourcecode.swift; path = ProfileViewController.swift; sourceTree = "<group>"; };
		670262C41DCDAEE3000FEC48 /* EditProfileViewController.swift */ = {isa = PBXFileReference; fileEncoding = 4; lastKnownFileType = sourcecode.swift; path = EditProfileViewController.swift; sourceTree = "<group>"; };
		670262C61DCDAF69000FEC48 /* SideBarViewController.swift */ = {isa = PBXFileReference; fileEncoding = 4; lastKnownFileType = sourcecode.swift; path = SideBarViewController.swift; sourceTree = "<group>"; };
		670262C81DCDAF8E000FEC48 /* CustomNavBar.swift */ = {isa = PBXFileReference; fileEncoding = 4; lastKnownFileType = sourcecode.swift; path = CustomNavBar.swift; sourceTree = "<group>"; };
		670262CA1DCDB257000FEC48 /* CameraViewController.swift */ = {isa = PBXFileReference; fileEncoding = 4; lastKnownFileType = sourcecode.swift; path = CameraViewController.swift; sourceTree = "<group>"; };
		670262CC1DCDD033000FEC48 /* HuatPostTableViewCell.swift */ = {isa = PBXFileReference; fileEncoding = 4; lastKnownFileType = sourcecode.swift; path = HuatPostTableViewCell.swift; sourceTree = "<group>"; };
		8573D3591DCDB6FE0010F2C6 /* HuatComment.swift */ = {isa = PBXFileReference; fileEncoding = 4; lastKnownFileType = sourcecode.swift; path = HuatComment.swift; sourceTree = "<group>"; };
		8573D35A1DCDB6FE0010F2C6 /* HuatPost.swift */ = {isa = PBXFileReference; fileEncoding = 4; lastKnownFileType = sourcecode.swift; path = HuatPost.swift; sourceTree = "<group>"; };
		A29E44EDFCB1B7965F7D7337 /* Pods-Huatgram.release.xcconfig */ = {isa = PBXFileReference; includeInIndex = 1; lastKnownFileType = text.xcconfig; name = "Pods-Huatgram.release.xcconfig"; path = "Pods/Target Support Files/Pods-Huatgram/Pods-Huatgram.release.xcconfig"; sourceTree = "<group>"; };
		A37D8BCD1DCDBC2600A8FF38 /* GoogleService-Info.plist */ = {isa = PBXFileReference; fileEncoding = 4; lastKnownFileType = text.plist.xml; path = "GoogleService-Info.plist"; sourceTree = "<group>"; };
		FA365758DEBD9E621AA62763 /* Pods_Huatgram.framework */ = {isa = PBXFileReference; explicitFileType = wrapper.framework; includeInIndex = 0; path = Pods_Huatgram.framework; sourceTree = BUILT_PRODUCTS_DIR; };
/* End PBXFileReference section */

/* Begin PBXFrameworksBuildPhase section */
		670262A41DCC90E6000FEC48 /* Frameworks */ = {
			isa = PBXFrameworksBuildPhase;
			buildActionMask = 2147483647;
			files = (
				91912B59AB45396A971D43F1 /* Pods_Huatgram.framework in Frameworks */,
			);
			runOnlyForDeploymentPostprocessing = 0;
		};
/* End PBXFrameworksBuildPhase section */

/* Begin PBXGroup section */
		208806C8F8F2B6080B440FD0 /* Pods */ = {
			isa = PBXGroup;
			children = (
				5765E142A87D580525000FC5 /* Pods-Huatgram.debug.xcconfig */,
				A29E44EDFCB1B7965F7D7337 /* Pods-Huatgram.release.xcconfig */,
			);
			name = Pods;
			sourceTree = "<group>";
		};
		6702629E1DCC90E6000FEC48 = {
			isa = PBXGroup;
			children = (
				670262A91DCC90E6000FEC48 /* Huatgram */,
				670262A81DCC90E6000FEC48 /* Products */,
				208806C8F8F2B6080B440FD0 /* Pods */,
				7351E88CD408A47D43313628 /* Frameworks */,
			);
			sourceTree = "<group>";
		};
		670262A81DCC90E6000FEC48 /* Products */ = {
			isa = PBXGroup;
			children = (
				670262A71DCC90E6000FEC48 /* Huatgram.app */,
			);
			name = Products;
			sourceTree = "<group>";
		};
		670262A91DCC90E6000FEC48 /* Huatgram */ = {
			isa = PBXGroup;
			children = (
				670262AA1DCC90E6000FEC48 /* AppDelegate.swift */,
				670262AC1DCC90E6000FEC48 /* SplashViewController.swift */,
				670262AE1DCC90E6000FEC48 /* Main.storyboard */,
				670262B11DCC90E6000FEC48 /* Assets.xcassets */,
				670262B31DCC90E6000FEC48 /* LaunchScreen.storyboard */,
				670262B61DCC90E6000FEC48 /* Info.plist */,
				A37D8BCD1DCDBC2600A8FF38 /* GoogleService-Info.plist */,
				8573D3591DCDB6FE0010F2C6 /* HuatComment.swift */,
				8573D35A1DCDB6FE0010F2C6 /* HuatPost.swift */,
				670262BC1DCDAEB2000FEC48 /* LoginUserViewController.swift */,
				670262BE1DCDAEBD000FEC48 /* LoginPasswordViewController.swift */,
				670262C01DCDAECF000FEC48 /* HomeViewController.swift */,
				670262C21DCDAED8000FEC48 /* ProfileViewController.swift */,
				670262C41DCDAEE3000FEC48 /* EditProfileViewController.swift */,
				670262C61DCDAF69000FEC48 /* SideBarViewController.swift */,
				670262C81DCDAF8E000FEC48 /* CustomNavBar.swift */,
				670262CA1DCDB257000FEC48 /* CameraViewController.swift */,
				670262CC1DCDD033000FEC48 /* HuatPostTableViewCell.swift */,
			);
			path = Huatgram;
			sourceTree = "<group>";
		};
		7351E88CD408A47D43313628 /* Frameworks */ = {
			isa = PBXGroup;
			children = (
				FA365758DEBD9E621AA62763 /* Pods_Huatgram.framework */,
			);
			name = Frameworks;
			sourceTree = "<group>";
		};
/* End PBXGroup section */

/* Begin PBXNativeTarget section */
		670262A61DCC90E6000FEC48 /* Huatgram */ = {
			isa = PBXNativeTarget;
			buildConfigurationList = 670262B91DCC90E6000FEC48 /* Build configuration list for PBXNativeTarget "Huatgram" */;
			buildPhases = (
				FFAB25224BC9862767C0B3A4 /* [CP] Check Pods Manifest.lock */,
				670262A31DCC90E6000FEC48 /* Sources */,
				670262A41DCC90E6000FEC48 /* Frameworks */,
				670262A51DCC90E6000FEC48 /* Resources */,
				9511D764E000B00FA1010248 /* [CP] Embed Pods Frameworks */,
				D588A018BBF66B93C9ABBE67 /* [CP] Copy Pods Resources */,
			);
			buildRules = (
			);
			dependencies = (
			);
			name = Huatgram;
			productName = Huatgram;
			productReference = 670262A71DCC90E6000FEC48 /* Huatgram.app */;
			productType = "com.apple.product-type.application";
		};
/* End PBXNativeTarget section */

/* Begin PBXProject section */
		6702629F1DCC90E6000FEC48 /* Project object */ = {
			isa = PBXProject;
			attributes = {
				LastSwiftUpdateCheck = 0800;
				LastUpgradeCheck = 0800;
				ORGANIZATIONNAME = "Chee Kok Ban";
				TargetAttributes = {
					670262A61DCC90E6000FEC48 = {
						CreatedOnToolsVersion = 8.0;
						DevelopmentTeam = 5ZS94UC82F;
						ProvisioningStyle = Automatic;
					};
				};
			};
			buildConfigurationList = 670262A21DCC90E6000FEC48 /* Build configuration list for PBXProject "Huatgram" */;
			compatibilityVersion = "Xcode 3.2";
			developmentRegion = English;
			hasScannedForEncodings = 0;
			knownRegions = (
				en,
				Base,
			);
			mainGroup = 6702629E1DCC90E6000FEC48;
			productRefGroup = 670262A81DCC90E6000FEC48 /* Products */;
			projectDirPath = "";
			projectRoot = "";
			targets = (
				670262A61DCC90E6000FEC48 /* Huatgram */,
			);
		};
/* End PBXProject section */

/* Begin PBXResourcesBuildPhase section */
		670262A51DCC90E6000FEC48 /* Resources */ = {
			isa = PBXResourcesBuildPhase;
			buildActionMask = 2147483647;
			files = (
				670262B51DCC90E6000FEC48 /* LaunchScreen.storyboard in Resources */,
				A37D8BCE1DCDBC2600A8FF38 /* GoogleService-Info.plist in Resources */,
				670262B21DCC90E6000FEC48 /* Assets.xcassets in Resources */,
				670262B01DCC90E6000FEC48 /* Main.storyboard in Resources */,
			);
			runOnlyForDeploymentPostprocessing = 0;
		};
/* End PBXResourcesBuildPhase section */

/* Begin PBXShellScriptBuildPhase section */
		9511D764E000B00FA1010248 /* [CP] Embed Pods Frameworks */ = {
			isa = PBXShellScriptBuildPhase;
			buildActionMask = 2147483647;
			files = (
			);
			inputPaths = (
			);
			name = "[CP] Embed Pods Frameworks";
			outputPaths = (
			);
			runOnlyForDeploymentPostprocessing = 0;
			shellPath = /bin/sh;
			shellScript = "\"${SRCROOT}/Pods/Target Support Files/Pods-Huatgram/Pods-Huatgram-frameworks.sh\"\n";
			showEnvVarsInLog = 0;
		};
		D588A018BBF66B93C9ABBE67 /* [CP] Copy Pods Resources */ = {
			isa = PBXShellScriptBuildPhase;
			buildActionMask = 2147483647;
			files = (
			);
			inputPaths = (
			);
			name = "[CP] Copy Pods Resources";
			outputPaths = (
			);
			runOnlyForDeploymentPostprocessing = 0;
			shellPath = /bin/sh;
			shellScript = "\"${SRCROOT}/Pods/Target Support Files/Pods-Huatgram/Pods-Huatgram-resources.sh\"\n";
			showEnvVarsInLog = 0;
		};
		FFAB25224BC9862767C0B3A4 /* [CP] Check Pods Manifest.lock */ = {
			isa = PBXShellScriptBuildPhase;
			buildActionMask = 2147483647;
			files = (
			);
			inputPaths = (
			);
			name = "[CP] Check Pods Manifest.lock";
			outputPaths = (
			);
			runOnlyForDeploymentPostprocessing = 0;
			shellPath = /bin/sh;
			shellScript = "diff \"${PODS_ROOT}/../Podfile.lock\" \"${PODS_ROOT}/Manifest.lock\" > /dev/null\nif [ $? != 0 ] ; then\n    # print error to STDERR\n    echo \"error: The sandbox is not in sync with the Podfile.lock. Run 'pod install' or update your CocoaPods installation.\" >&2\n    exit 1\nfi\n";
			showEnvVarsInLog = 0;
		};
/* End PBXShellScriptBuildPhase section */

/* Begin PBXSourcesBuildPhase section */
		670262A31DCC90E6000FEC48 /* Sources */ = {
			isa = PBXSourcesBuildPhase;
			buildActionMask = 2147483647;
			files = (
				670262C31DCDAED8000FEC48 /* ProfileViewController.swift in Sources */,
				670262CB1DCDB257000FEC48 /* CameraViewController.swift in Sources */,
				670262C11DCDAECF000FEC48 /* HomeViewController.swift in Sources */,
				670262CD1DCDD033000FEC48 /* HuatPostTableViewCell.swift in Sources */,
				670262AD1DCC90E6000FEC48 /* SplashViewController.swift in Sources */,
				670262C91DCDAF8E000FEC48 /* CustomNavBar.swift in Sources */,
				8573D35C1DCDB6FE0010F2C6 /* HuatPost.swift in Sources */,
				670262BF1DCDAEBD000FEC48 /* LoginPasswordViewController.swift in Sources */,
				670262BD1DCDAEB2000FEC48 /* LoginUserViewController.swift in Sources */,
				8573D35B1DCDB6FE0010F2C6 /* HuatComment.swift in Sources */,
				670262AB1DCC90E6000FEC48 /* AppDelegate.swift in Sources */,
				670262C51DCDAEE3000FEC48 /* EditProfileViewController.swift in Sources */,
				670262C71DCDAF69000FEC48 /* SideBarViewController.swift in Sources */,
			);
			runOnlyForDeploymentPostprocessing = 0;
		};
/* End PBXSourcesBuildPhase section */

/* Begin PBXVariantGroup section */
		670262AE1DCC90E6000FEC48 /* Main.storyboard */ = {
			isa = PBXVariantGroup;
			children = (
				670262AF1DCC90E6000FEC48 /* Base */,
			);
			name = Main.storyboard;
			sourceTree = "<group>";
		};
		670262B31DCC90E6000FEC48 /* LaunchScreen.storyboard */ = {
			isa = PBXVariantGroup;
			children = (
				670262B41DCC90E6000FEC48 /* Base */,
			);
			name = LaunchScreen.storyboard;
			sourceTree = "<group>";
		};
/* End PBXVariantGroup section */

/* Begin XCBuildConfiguration section */
		670262B71DCC90E6000FEC48 /* Debug */ = {
			isa = XCBuildConfiguration;
			buildSettings = {
				ALWAYS_SEARCH_USER_PATHS = NO;
				CLANG_ANALYZER_NONNULL = YES;
				CLANG_CXX_LANGUAGE_STANDARD = "gnu++0x";
				CLANG_CXX_LIBRARY = "libc++";
				CLANG_ENABLE_MODULES = YES;
				CLANG_ENABLE_OBJC_ARC = YES;
				CLANG_WARN_BOOL_CONVERSION = YES;
				CLANG_WARN_CONSTANT_CONVERSION = YES;
				CLANG_WARN_DIRECT_OBJC_ISA_USAGE = YES_ERROR;
				CLANG_WARN_DOCUMENTATION_COMMENTS = YES;
				CLANG_WARN_EMPTY_BODY = YES;
				CLANG_WARN_ENUM_CONVERSION = YES;
				CLANG_WARN_INFINITE_RECURSION = YES;
				CLANG_WARN_INT_CONVERSION = YES;
				CLANG_WARN_OBJC_ROOT_CLASS = YES_ERROR;
				CLANG_WARN_SUSPICIOUS_MOVES = YES;
				CLANG_WARN_UNREACHABLE_CODE = YES;
				CLANG_WARN__DUPLICATE_METHOD_MATCH = YES;
				"CODE_SIGN_IDENTITY[sdk=iphoneos*]" = "iPhone Developer";
				COPY_PHASE_STRIP = NO;
				DEBUG_INFORMATION_FORMAT = dwarf;
				ENABLE_STRICT_OBJC_MSGSEND = YES;
				ENABLE_TESTABILITY = YES;
				GCC_C_LANGUAGE_STANDARD = gnu99;
				GCC_DYNAMIC_NO_PIC = NO;
				GCC_NO_COMMON_BLOCKS = YES;
				GCC_OPTIMIZATION_LEVEL = 0;
				GCC_PREPROCESSOR_DEFINITIONS = (
					"DEBUG=1",
					"$(inherited)",
				);
				GCC_WARN_64_TO_32_BIT_CONVERSION = YES;
				GCC_WARN_ABOUT_RETURN_TYPE = YES_ERROR;
				GCC_WARN_UNDECLARED_SELECTOR = YES;
				GCC_WARN_UNINITIALIZED_AUTOS = YES_AGGRESSIVE;
				GCC_WARN_UNUSED_FUNCTION = YES;
				GCC_WARN_UNUSED_VARIABLE = YES;
				IPHONEOS_DEPLOYMENT_TARGET = 9.3;
				MTL_ENABLE_DEBUG_INFO = YES;
				ONLY_ACTIVE_ARCH = YES;
				SDKROOT = iphoneos;
				SWIFT_ACTIVE_COMPILATION_CONDITIONS = DEBUG;
				SWIFT_OPTIMIZATION_LEVEL = "-Onone";
				TARGETED_DEVICE_FAMILY = "1,2";
			};
			name = Debug;
		};
		670262B81DCC90E6000FEC48 /* Release */ = {
			isa = XCBuildConfiguration;
			buildSettings = {
				ALWAYS_SEARCH_USER_PATHS = NO;
				CLANG_ANALYZER_NONNULL = YES;
				CLANG_CXX_LANGUAGE_STANDARD = "gnu++0x";
				CLANG_CXX_LIBRARY = "libc++";
				CLANG_ENABLE_MODULES = YES;
				CLANG_ENABLE_OBJC_ARC = YES;
				CLANG_WARN_BOOL_CONVERSION = YES;
				CLANG_WARN_CONSTANT_CONVERSION = YES;
				CLANG_WARN_DIRECT_OBJC_ISA_USAGE = YES_ERROR;
				CLANG_WARN_DOCUMENTATION_COMMENTS = YES;
				CLANG_WARN_EMPTY_BODY = YES;
				CLANG_WARN_ENUM_CONVERSION = YES;
				CLANG_WARN_INFINITE_RECURSION = YES;
				CLANG_WARN_INT_CONVERSION = YES;
				CLANG_WARN_OBJC_ROOT_CLASS = YES_ERROR;
				CLANG_WARN_SUSPICIOUS_MOVES = YES;
				CLANG_WARN_UNREACHABLE_CODE = YES;
				CLANG_WARN__DUPLICATE_METHOD_MATCH = YES;
				"CODE_SIGN_IDENTITY[sdk=iphoneos*]" = "iPhone Developer";
				COPY_PHASE_STRIP = NO;
				DEBUG_INFORMATION_FORMAT = "dwarf-with-dsym";
				ENABLE_NS_ASSERTIONS = NO;
				ENABLE_STRICT_OBJC_MSGSEND = YES;
				GCC_C_LANGUAGE_STANDARD = gnu99;
				GCC_NO_COMMON_BLOCKS = YES;
				GCC_WARN_64_TO_32_BIT_CONVERSION = YES;
				GCC_WARN_ABOUT_RETURN_TYPE = YES_ERROR;
				GCC_WARN_UNDECLARED_SELECTOR = YES;
				GCC_WARN_UNINITIALIZED_AUTOS = YES_AGGRESSIVE;
				GCC_WARN_UNUSED_FUNCTION = YES;
				GCC_WARN_UNUSED_VARIABLE = YES;
				IPHONEOS_DEPLOYMENT_TARGET = 9.3;
				MTL_ENABLE_DEBUG_INFO = NO;
				SDKROOT = iphoneos;
				SWIFT_OPTIMIZATION_LEVEL = "-Owholemodule";
				TARGETED_DEVICE_FAMILY = "1,2";
				VALIDATE_PRODUCT = YES;
			};
			name = Release;
		};
		670262BA1DCC90E6000FEC48 /* Debug */ = {
			isa = XCBuildConfiguration;
			baseConfigurationReference = 5765E142A87D580525000FC5 /* Pods-Huatgram.debug.xcconfig */;
			buildSettings = {
				ASSETCATALOG_COMPILER_APPICON_NAME = AppIcon;
				"CODE_SIGN_IDENTITY[sdk=iphoneos*]" = "iPhone Developer";
				DEVELOPMENT_TEAM = 5ZS94UC82F;
				INFOPLIST_FILE = Huatgram/Info.plist;
				LD_RUNPATH_SEARCH_PATHS = "$(inherited) @executable_path/Frameworks";
				PRODUCT_BUNDLE_IDENTIFIER = com.on9commerce.huatgram;
				PRODUCT_NAME = "$(TARGET_NAME)";
				SWIFT_VERSION = 3.0;
			};
			name = Debug;
		};
		670262BB1DCC90E6000FEC48 /* Release */ = {
			isa = XCBuildConfiguration;
			baseConfigurationReference = A29E44EDFCB1B7965F7D7337 /* Pods-Huatgram.release.xcconfig */;
			buildSettings = {
				ASSETCATALOG_COMPILER_APPICON_NAME = AppIcon;
				"CODE_SIGN_IDENTITY[sdk=iphoneos*]" = "iPhone Developer";
				DEVELOPMENT_TEAM = 5ZS94UC82F;
				INFOPLIST_FILE = Huatgram/Info.plist;
				LD_RUNPATH_SEARCH_PATHS = "$(inherited) @executable_path/Frameworks";
				PRODUCT_BUNDLE_IDENTIFIER = com.on9commerce.huatgram;
				PRODUCT_NAME = "$(TARGET_NAME)";
				SWIFT_VERSION = 3.0;
			};
			name = Release;
		};
/* End XCBuildConfiguration section */

/* Begin XCConfigurationList section */
		670262A21DCC90E6000FEC48 /* Build configuration list for PBXProject "Huatgram" */ = {
			isa = XCConfigurationList;
			buildConfigurations = (
				670262B71DCC90E6000FEC48 /* Debug */,
				670262B81DCC90E6000FEC48 /* Release */,
			);
			defaultConfigurationIsVisible = 0;
			defaultConfigurationName = Release;
		};
		670262B91DCC90E6000FEC48 /* Build configuration list for PBXNativeTarget "Huatgram" */ = {
			isa = XCConfigurationList;
			buildConfigurations = (
				670262BA1DCC90E6000FEC48 /* Debug */,
				670262BB1DCC90E6000FEC48 /* Release */,
			);
			defaultConfigurationIsVisible = 0;
			defaultConfigurationName = Release;
		};
/* End XCConfigurationList section */
	};
	rootObject = 6702629F1DCC90E6000FEC48 /* Project object */;
}
